
Microsoft Visual Studio Solution File, Format Version 12.00
# Visual Studio Version 16
VisualStudioVersion = 16.0.31205.134
MinimumVisualStudioVersion = 10.0.40219.1
Project("{FAE04EC0-301F-11D3-BF4B-00C04F79EFBC}") = "MainApp", "ResponseTimeStatistics.MainApp\MainApp.csproj", "{58195199-54CD-40C7-801C-7E0257F85713}"
EndProject
Project("{9A19103F-16F7-4668-BE54-9A1E7A4F7556}") = "ResponseTimeStatistics", "ResponseTimeStatistics\ResponseTimeStatistics.csproj", "{72A6E575-9AC0-47E2-869B-DEFCD580800B}"
EndProject
Project("{FAE04EC0-301F-11D3-BF4B-00C04F79EFBC}") = "ResponseTimeStatistics.UnitTest", "ResponseTimeStatistics.UnitTest\ResponseTimeStatistics.UnitTest.csproj", "{2B69952B-D708-450F-8F6B-1185799BA997}"
EndProject
Global
	GlobalSection(SolutionConfigurationPlatforms) = preSolution
		Debug|Any CPU = Debug|Any CPU
		Release|Any CPU = Release|Any CPU
	EndGlobalSection
	GlobalSection(ProjectConfigurationPlatforms) = postSolution
		{58195199-54CD-40C7-801C-7E0257F85713}.Debug|Any CPU.ActiveCfg = Debug|Any CPU
		{58195199-54CD-40C7-801C-7E0257F85713}.Debug|Any CPU.Build.0 = Debug|Any CPU
		{58195199-54CD-40C7-801C-7E0257F85713}.Release|Any CPU.ActiveCfg = Release|Any CPU
		{58195199-54CD-40C7-801C-7E0257F85713}.Release|Any CPU.Build.0 = Release|Any CPU
		{72A6E575-9AC0-47E2-869B-DEFCD580800B}.Debug|Any CPU.ActiveCfg = Debug|Any CPU
		{72A6E575-9AC0-47E2-869B-DEFCD580800B}.Debug|Any CPU.Build.0 = Debug|Any CPU
		{72A6E575-9AC0-47E2-869B-DEFCD580800B}.Release|Any CPU.ActiveCfg = Release|Any CPU
		{72A6E575-9AC0-47E2-869B-DEFCD580800B}.Release|Any CPU.Build.0 = Release|Any CPU
		{2B69952B-D708-450F-8F6B-1185799BA997}.Debug|Any CPU.ActiveCfg = Debug|Any CPU
		{2B69952B-D708-450F-8F6B-1185799BA997}.Debug|Any CPU.Build.0 = Debug|Any CPU
		{2B69952B-D708-450F-8F6B-1185799BA997}.Release|Any CPU.ActiveCfg = Release|Any CPU
		{2B69952B-D708-450F-8F6B-1185799BA997}.Release|Any CPU.Build.0 = Release|Any CPU
	EndGlobalSection
	GlobalSection(SolutionProperties) = preSolution
		HideSolutionNode = FALSE
	EndGlobalSection
	GlobalSection(ExtensibilityGlobals) = postSolution
		SolutionGuid = {963403F5-AC27-4AD3-B65C-EC52D31E8479}
	EndGlobalSection
EndGlobal
